{
  "name": "drupal-raven",
  "requires": true,
  "lockfileVersion": 1,
  "dependencies": {
    "@sentry/browser": {
      "version": "5.9.1",
      "resolved": "https://registry.npmjs.org/@sentry/browser/-/browser-5.9.1.tgz",
      "integrity": "sha512-7AOabwp9yAH9h6Xe6TfDwlLxHbUSWs+SPWHI7bPlht2yDSAqkXYGSzRr5X0XQJX9oBQdx2cEPMqHyJrbNaP/og==",
      "dev": true,
      "requires": {
        "@sentry/core": "5.8.0",
        "@sentry/types": "5.7.1",
        "@sentry/utils": "5.8.0",
        "tslib": "1.10.0"
      }
    },
    "@sentry/core": {
      "version": "5.8.0",
      "resolved": "https://registry.npmjs.org/@sentry/core/-/core-5.8.0.tgz",
      "integrity": "sha512-aAh2KLidIXJVGrxmHSVq2eVKbu7tZiYn5ylW6yzJXFetS5z4MA+JYaSBaG2inVYDEEqqMIkb17TyWxxziUDieg==",
      "dev": true,
      "requires": {
        "@sentry/hub": "5.8.0",
        "@sentry/minimal": "5.8.0",
        "@sentry/types": "5.7.1",
        "@sentry/utils": "5.8.0",
        "tslib": "1.10.0"
      }
    },
    "@sentry/hub": {
      "version": "5.8.0",
      "resolved": "https://registry.npmjs.org/@sentry/hub/-/hub-5.8.0.tgz",
      "integrity": "sha512-VdApn1ZCNwH1wwQwoO6pu53PM/qgHG+DQege0hbByluImpLBhAj9w50nXnF/8KzV4UoMIVbzCb6jXzMRmqqp9A==",
      "dev": true,
      "requires": {
        "@sentry/types": "5.7.1",
        "@sentry/utils": "5.8.0",
        "tslib": "1.10.0"
      }
    },
    "@sentry/minimal": {
      "version": "5.8.0",
      "resolved": "https://registry.npmjs.org/@sentry/minimal/-/minimal-5.8.0.tgz",
      "integrity": "sha512-MIlFOgd+JvAUrBBmq7vr9ovRH1HvckhnwzHdoUPpKRBN+rQgTyZy1o6+kA2fASCbrRqFCP+Zk7EHMACKg8DpIw==",
      "dev": true,
      "requires": {
        "@sentry/hub": "5.8.0",
        "@sentry/types": "5.7.1",
        "tslib": "1.10.0"
      }
    },
    "@sentry/types": {
      "version": "5.7.1",
      "resolved": "https://registry.npmjs.org/@sentry/types/-/types-5.7.1.tgz",
      "integrity": "sha512-tbUnTYlSliXvnou5D4C8Zr+7/wJrHLbpYX1YkLXuIJRU0NSi81bHMroAuHWILcQKWhVjaV/HZzr7Y/hhWtbXVQ==",
      "dev": true
    },
    "@sentry/utils": {
      "version": "5.8.0",
      "resolved": "https://registry.npmjs.org/@sentry/utils/-/utils-5.8.0.tgz",
      "integrity": "sha512-KDxUvBSYi0/dHMdunbxAxD3389pcQioLtcO6CI6zt/nJXeVFolix66cRraeQvqupdLhvOk/el649W4fCPayTHw==",
      "dev": true,
      "requires": {
        "@sentry/types": "5.7.1",
        "tslib": "1.10.0"
      }
    },
    "argparse": {
      "version": "1.0.10",
      "resolved": "https://registry.npmjs.org/argparse/-/argparse-1.0.10.tgz",
      "integrity": "sha512-o5Roy6tNG4SL/FOkCAN6RzjiakZS25RLYFrcMttJqbdd8BWrnA+fGz57iN5Pb06pvBGvl5gQ0B48dJlslXvoTg==",
      "dev": true,
      "requires": {
        "sprintf-js": "1.0.3"
      }
    },
    "esprima": {
      "version": "4.0.1",
      "resolved": "https://registry.npmjs.org/esprima/-/esprima-4.0.1.tgz",
      "integrity": "sha512-eGuFFw7Upda+g4p+QHvnW0RyTX/SVeJBDM/gCtMARO0cLuT2HcEKnTPvhjV6aGeqrCB/sbNop0Kszm0jsaWU4A==",
      "dev": true
    },
    "js-yaml": {
      "version": "3.13.1",
      "resolved": "https://registry.npmjs.org/js-yaml/-/js-yaml-3.13.1.tgz",
      "integrity": "sha512-YfbcO7jXDdyj0DGxYVSlSeQNHbD7XPWvrVWeVUujrQEoZzWJIRrCPoyk6kL6IAjAG2IolMK4T0hNUe0HOUs5Jw==",
      "dev": true,
      "requires": {
        "argparse": "1.0.10",
        "esprima": "4.0.1"
      }
    },
    "sprintf-js": {
      "version": "1.0.3",
      "resolved": "https://registry.npmjs.org/sprintf-js/-/sprintf-js-1.0.3.tgz",
      "integrity": "sha1-BOaSb2YolTVPPdAVIDYzuFcpfiw=",
      "dev": true
    },
    "tslib": {
      "version": "1.10.0",
      "resolved": "https://registry.npmjs.org/tslib/-/tslib-1.10.0.tgz",
      "integrity": "sha512-qOebF53frne81cf0S9B41ByenJ3/IuH8yJKngAX35CmiZySA0khhkovshKK+jGCaMnVomla7gVlIcc3EvKPbTQ==",
      "dev": true
    }
  }
}
