{
  "name": "drupal-raven",
  "requires": true,
  "lockfileVersion": 1,
  "dependencies": {
    "@sentry/browser": {
      "version": "5.0.8",
      "resolved": "https://registry.npmjs.org/@sentry/browser/-/browser-5.0.8.tgz",
      "integrity": "sha512-hMV3mF8R3YZ0IhkjdYMSNdPfC2XbImCL88Mqxkc53KPGMes/8psPd40aWChRcMw0qJIovgezAdn41oxMH8XimQ==",
      "dev": true,
      "requires": {
        "@sentry/core": "5.0.8",
        "@sentry/types": "5.0.6",
        "@sentry/utils": "5.0.8",
        "tslib": "^1.9.3"
      }
    },
    "@sentry/core": {
      "version": "5.0.8",
      "resolved": "https://registry.npmjs.org/@sentry/core/-/core-5.0.8.tgz",
      "integrity": "sha512-LGTPMx4PqSOCUiUjHZ45kwealcqAnHgUZonnIv8pcqd1NmY5oOUAhI/rO60Yj9Ij6TVaSHppWpYHI7Wt9Ot6kQ==",
      "dev": true,
      "requires": {
        "@sentry/hub": "5.0.8",
        "@sentry/minimal": "5.0.8",
        "@sentry/types": "5.0.6",
        "@sentry/utils": "5.0.8",
        "tslib": "^1.9.3"
      }
    },
    "@sentry/hub": {
      "version": "5.0.8",
      "resolved": "https://registry.npmjs.org/@sentry/hub/-/hub-5.0.8.tgz",
      "integrity": "sha512-a9+hnYO42Rpdk7lrxk3dhmZYfOGMDEq2WP2blNiKIU2efI6CQ3G9Ka/6WzVOXSgV3rY+4zx60vHUhNkQVgsbsg==",
      "dev": true,
      "requires": {
        "@sentry/types": "5.0.6",
        "@sentry/utils": "5.0.8",
        "tslib": "^1.9.3"
      }
    },
    "@sentry/minimal": {
      "version": "5.0.8",
      "resolved": "https://registry.npmjs.org/@sentry/minimal/-/minimal-5.0.8.tgz",
      "integrity": "sha512-MP5bFuqC0xMWT9LTkX0rkX1Xxlj3G4zKdhF8rxwM9YLZUUmS5vvNs/AiPGaEAlw8i9C+0TBTcvQt3va2qVVEHA==",
      "dev": true,
      "requires": {
        "@sentry/hub": "5.0.8",
        "@sentry/types": "5.0.6",
        "tslib": "^1.9.3"
      }
    },
    "@sentry/types": {
      "version": "5.0.6",
      "resolved": "https://registry.npmjs.org/@sentry/types/-/types-5.0.6.tgz",
      "integrity": "sha512-EJYzjfnTfTQgqR3p6dSvIVZe0xe2Jz+tSmvuPABf7VoCmrFtEYkMCSf5IshMHeebmXUS5prrPSCAgVcIrJC+Bw==",
      "dev": true
    },
    "@sentry/utils": {
      "version": "5.0.8",
      "resolved": "https://registry.npmjs.org/@sentry/utils/-/utils-5.0.8.tgz",
      "integrity": "sha512-NZUVl3i2Rm5WKgPEb0DSPYTMQsCxdbZXOiOEq2/9Ee1bY29VTzmjM08KZTYI8+ZiUJwB2l3y/nvNGkqlEoXQCg==",
      "dev": true,
      "requires": {
        "@sentry/types": "5.0.6",
        "tslib": "^1.9.3"
      }
    },
    "argparse": {
      "version": "1.0.10",
      "resolved": "https://registry.npmjs.org/argparse/-/argparse-1.0.10.tgz",
      "integrity": "sha512-o5Roy6tNG4SL/FOkCAN6RzjiakZS25RLYFrcMttJqbdd8BWrnA+fGz57iN5Pb06pvBGvl5gQ0B48dJlslXvoTg==",
      "dev": true,
      "requires": {
        "sprintf-js": "~1.0.2"
      }
    },
    "esprima": {
      "version": "4.0.1",
      "resolved": "https://registry.npmjs.org/esprima/-/esprima-4.0.1.tgz",
      "integrity": "sha512-eGuFFw7Upda+g4p+QHvnW0RyTX/SVeJBDM/gCtMARO0cLuT2HcEKnTPvhjV6aGeqrCB/sbNop0Kszm0jsaWU4A==",
      "dev": true
    },
    "js-yaml": {
      "version": "3.13.1",
      "resolved": "https://registry.npmjs.org/js-yaml/-/js-yaml-3.13.1.tgz",
      "integrity": "sha512-YfbcO7jXDdyj0DGxYVSlSeQNHbD7XPWvrVWeVUujrQEoZzWJIRrCPoyk6kL6IAjAG2IolMK4T0hNUe0HOUs5Jw==",
      "dev": true,
      "requires": {
        "argparse": "^1.0.7",
        "esprima": "^4.0.0"
      }
    },
    "sprintf-js": {
      "version": "1.0.3",
      "resolved": "https://registry.npmjs.org/sprintf-js/-/sprintf-js-1.0.3.tgz",
      "integrity": "sha1-BOaSb2YolTVPPdAVIDYzuFcpfiw=",
      "dev": true
    },
    "tslib": {
      "version": "1.9.3",
      "resolved": "https://registry.npmjs.org/tslib/-/tslib-1.9.3.tgz",
      "integrity": "sha512-4krF8scpejhaOgqzBEcGM7yDIEfi0/8+8zDRZhNZZ2kjmHJ4hv3zCbQWxoJGz1iw5U0Jl0nma13xzHXcncMavQ==",
      "dev": true
    }
  }
}
