{
  "name": "drupal-raven",
  "requires": true,
  "lockfileVersion": 1,
  "dependencies": {
    "@sentry/browser": {
      "version": "5.6.2",
      "resolved": "https://registry.npmjs.org/@sentry/browser/-/browser-5.6.2.tgz",
      "integrity": "sha512-Nm/W/5ra6+OQCWQkdd86vHjcYUjHCVqCzQyPasd6HE7SNlWe5euGVfFfDuUFsiDrMAG5uKfGYw5u/AqoweiQkQ==",
      "dev": true,
      "requires": {
        "@sentry/core": "5.6.2",
        "@sentry/types": "5.6.1",
        "@sentry/utils": "5.6.1",
        "tslib": "^1.9.3"
      }
    },
    "@sentry/core": {
      "version": "5.6.2",
      "resolved": "https://registry.npmjs.org/@sentry/core/-/core-5.6.2.tgz",
      "integrity": "sha512-grbjvNmyxP5WSPR6UobN2q+Nss7Hvz+BClBT8QTr7VTEG5q89TwNddn6Ej3bGkaUVbct/GpVlI3XflWYDsnU6Q==",
      "dev": true,
      "requires": {
        "@sentry/hub": "5.6.1",
        "@sentry/minimal": "5.6.1",
        "@sentry/types": "5.6.1",
        "@sentry/utils": "5.6.1",
        "tslib": "^1.9.3"
      }
    },
    "@sentry/hub": {
      "version": "5.6.1",
      "resolved": "https://registry.npmjs.org/@sentry/hub/-/hub-5.6.1.tgz",
      "integrity": "sha512-m+OhkIV5yTAL3R1+XfCwzUQka0UF/xG4py8sEfPXyYIcoOJ2ZTX+1kQJLy8QQJ4RzOBwZA+DzRKP0cgzPJ3+oQ==",
      "dev": true,
      "requires": {
        "@sentry/types": "5.6.1",
        "@sentry/utils": "5.6.1",
        "tslib": "^1.9.3"
      }
    },
    "@sentry/minimal": {
      "version": "5.6.1",
      "resolved": "https://registry.npmjs.org/@sentry/minimal/-/minimal-5.6.1.tgz",
      "integrity": "sha512-ercCKuBWHog6aS6SsJRuKhJwNdJ2oRQVWT2UAx1zqvsbHT9mSa8ZRjdPHYOtqY3DoXKk/pLUFW/fkmAnpdMqRw==",
      "dev": true,
      "requires": {
        "@sentry/hub": "5.6.1",
        "@sentry/types": "5.6.1",
        "tslib": "^1.9.3"
      }
    },
    "@sentry/types": {
      "version": "5.6.1",
      "resolved": "https://registry.npmjs.org/@sentry/types/-/types-5.6.1.tgz",
      "integrity": "sha512-Kub8TETefHpdhvtnDj3kKfhCj0u/xn3Zi2zIC7PB11NJHvvPXENx97tciz4roJGp7cLRCJsFqCg4tHXniqDSnQ==",
      "dev": true
    },
    "@sentry/utils": {
      "version": "5.6.1",
      "resolved": "https://registry.npmjs.org/@sentry/utils/-/utils-5.6.1.tgz",
      "integrity": "sha512-rfgha+UsHW816GqlSRPlniKqAZylOmQWML2JsujoUP03nPu80zdN43DK9Poy/d9OxBxv0gd5K2n+bFdM2kqLQQ==",
      "dev": true,
      "requires": {
        "@sentry/types": "5.6.1",
        "tslib": "^1.9.3"
      }
    },
    "argparse": {
      "version": "1.0.10",
      "resolved": "https://registry.npmjs.org/argparse/-/argparse-1.0.10.tgz",
      "integrity": "sha512-o5Roy6tNG4SL/FOkCAN6RzjiakZS25RLYFrcMttJqbdd8BWrnA+fGz57iN5Pb06pvBGvl5gQ0B48dJlslXvoTg==",
      "dev": true,
      "requires": {
        "sprintf-js": "~1.0.2"
      }
    },
    "esprima": {
      "version": "4.0.1",
      "resolved": "https://registry.npmjs.org/esprima/-/esprima-4.0.1.tgz",
      "integrity": "sha512-eGuFFw7Upda+g4p+QHvnW0RyTX/SVeJBDM/gCtMARO0cLuT2HcEKnTPvhjV6aGeqrCB/sbNop0Kszm0jsaWU4A==",
      "dev": true
    },
    "js-yaml": {
      "version": "3.13.1",
      "resolved": "https://registry.npmjs.org/js-yaml/-/js-yaml-3.13.1.tgz",
      "integrity": "sha512-YfbcO7jXDdyj0DGxYVSlSeQNHbD7XPWvrVWeVUujrQEoZzWJIRrCPoyk6kL6IAjAG2IolMK4T0hNUe0HOUs5Jw==",
      "dev": true,
      "requires": {
        "argparse": "^1.0.7",
        "esprima": "^4.0.0"
      }
    },
    "sprintf-js": {
      "version": "1.0.3",
      "resolved": "https://registry.npmjs.org/sprintf-js/-/sprintf-js-1.0.3.tgz",
      "integrity": "sha1-BOaSb2YolTVPPdAVIDYzuFcpfiw=",
      "dev": true
    },
    "tslib": {
      "version": "1.10.0",
      "resolved": "https://registry.npmjs.org/tslib/-/tslib-1.10.0.tgz",
      "integrity": "sha512-qOebF53frne81cf0S9B41ByenJ3/IuH8yJKngAX35CmiZySA0khhkovshKK+jGCaMnVomla7gVlIcc3EvKPbTQ==",
      "dev": true
    }
  }
}
